
Microsoft Visual Studio Solution File, Format Version 12.00
# Visual Studio Version 16
VisualStudioVersion = 16.0.30114.105
MinimumVisualStudioVersion = 10.0.40219.1
Project("{FAE04EC0-301F-11D3-BF4B-00C04F79EFBC}") = "API", "API\API.csproj", "{DDA6034B-65E1-42B5-9844-1BA1F5118706}"
EndProject
Project("{FAE04EC0-301F-11D3-BF4B-00C04F79EFBC}") = "Application", "Application\Application.csproj", "{86885EBE-489F-45B7-A8F2-B5ABC9EF1ABC}"
EndProject
Project("{FAE04EC0-301F-11D3-BF4B-00C04F79EFBC}") = "Domain", "Domain\Domain.csproj", "{D8A071B3-D073-4AA7-A1C8-6E55BF462F1F}"
EndProject
Project("{FAE04EC0-301F-11D3-BF4B-00C04F79EFBC}") = "Persistence", "Persistence\Persistence.csproj", "{FE66074B-BFEC-4A38-937C-5EF307B4A26E}"
EndProject
Global
	GlobalSection(SolutionConfigurationPlatforms) = preSolution
		Debug|Any CPU = Debug|Any CPU
		Debug|x64 = Debug|x64
		Debug|x86 = Debug|x86
		Release|Any CPU = Release|Any CPU
		Release|x64 = Release|x64
		Release|x86 = Release|x86
	EndGlobalSection
	GlobalSection(SolutionProperties) = preSolution
		HideSolutionNode = FALSE
	EndGlobalSection
	GlobalSection(ProjectConfigurationPlatforms) = postSolution
		{DDA6034B-65E1-42B5-9844-1BA1F5118706}.Debug|Any CPU.ActiveCfg = Debug|Any CPU
		{DDA6034B-65E1-42B5-9844-1BA1F5118706}.Debug|Any CPU.Build.0 = Debug|Any CPU
		{DDA6034B-65E1-42B5-9844-1BA1F5118706}.Debug|x64.ActiveCfg = Debug|Any CPU
		{DDA6034B-65E1-42B5-9844-1BA1F5118706}.Debug|x64.Build.0 = Debug|Any CPU
		{DDA6034B-65E1-42B5-9844-1BA1F5118706}.Debug|x86.ActiveCfg = Debug|Any CPU
		{DDA6034B-65E1-42B5-9844-1BA1F5118706}.Debug|x86.Build.0 = Debug|Any CPU
		{DDA6034B-65E1-42B5-9844-1BA1F5118706}.Release|Any CPU.ActiveCfg = Release|Any CPU
		{DDA6034B-65E1-42B5-9844-1BA1F5118706}.Release|Any CPU.Build.0 = Release|Any CPU
		{DDA6034B-65E1-42B5-9844-1BA1F5118706}.Release|x64.ActiveCfg = Release|Any CPU
		{DDA6034B-65E1-42B5-9844-1BA1F5118706}.Release|x64.Build.0 = Release|Any CPU
		{DDA6034B-65E1-42B5-9844-1BA1F5118706}.Release|x86.ActiveCfg = Release|Any CPU
		{DDA6034B-65E1-42B5-9844-1BA1F5118706}.Release|x86.Build.0 = Release|Any CPU
		{86885EBE-489F-45B7-A8F2-B5ABC9EF1ABC}.Debug|Any CPU.ActiveCfg = Debug|Any CPU
		{86885EBE-489F-45B7-A8F2-B5ABC9EF1ABC}.Debug|Any CPU.Build.0 = Debug|Any CPU
		{86885EBE-489F-45B7-A8F2-B5ABC9EF1ABC}.Debug|x64.ActiveCfg = Debug|Any CPU
		{86885EBE-489F-45B7-A8F2-B5ABC9EF1ABC}.Debug|x64.Build.0 = Debug|Any CPU
		{86885EBE-489F-45B7-A8F2-B5ABC9EF1ABC}.Debug|x86.ActiveCfg = Debug|Any CPU
		{86885EBE-489F-45B7-A8F2-B5ABC9EF1ABC}.Debug|x86.Build.0 = Debug|Any CPU
		{86885EBE-489F-45B7-A8F2-B5ABC9EF1ABC}.Release|Any CPU.ActiveCfg = Release|Any CPU
		{86885EBE-489F-45B7-A8F2-B5ABC9EF1ABC}.Release|Any CPU.Build.0 = Release|Any CPU
		{86885EBE-489F-45B7-A8F2-B5ABC9EF1ABC}.Release|x64.ActiveCfg = Release|Any CPU
		{86885EBE-489F-45B7-A8F2-B5ABC9EF1ABC}.Release|x64.Build.0 = Release|Any CPU
		{86885EBE-489F-45B7-A8F2-B5ABC9EF1ABC}.Release|x86.ActiveCfg = Release|Any CPU
		{86885EBE-489F-45B7-A8F2-B5ABC9EF1ABC}.Release|x86.Build.0 = Release|Any CPU
		{D8A071B3-D073-4AA7-A1C8-6E55BF462F1F}.Debug|Any CPU.ActiveCfg = Debug|Any CPU
		{D8A071B3-D073-4AA7-A1C8-6E55BF462F1F}.Debug|Any CPU.Build.0 = Debug|Any CPU
		{D8A071B3-D073-4AA7-A1C8-6E55BF462F1F}.Debug|x64.ActiveCfg = Debug|Any CPU
		{D8A071B3-D073-4AA7-A1C8-6E55BF462F1F}.Debug|x64.Build.0 = Debug|Any CPU
		{D8A071B3-D073-4AA7-A1C8-6E55BF462F1F}.Debug|x86.ActiveCfg = Debug|Any CPU
		{D8A071B3-D073-4AA7-A1C8-6E55BF462F1F}.Debug|x86.Build.0 = Debug|Any CPU
		{D8A071B3-D073-4AA7-A1C8-6E55BF462F1F}.Release|Any CPU.ActiveCfg = Release|Any CPU
		{D8A071B3-D073-4AA7-A1C8-6E55BF462F1F}.Release|Any CPU.Build.0 = Release|Any CPU
		{D8A071B3-D073-4AA7-A1C8-6E55BF462F1F}.Release|x64.ActiveCfg = Release|Any CPU
		{D8A071B3-D073-4AA7-A1C8-6E55BF462F1F}.Release|x64.Build.0 = Release|Any CPU
		{D8A071B3-D073-4AA7-A1C8-6E55BF462F1F}.Release|x86.ActiveCfg = Release|Any CPU
		{D8A071B3-D073-4AA7-A1C8-6E55BF462F1F}.Release|x86.Build.0 = Release|Any CPU
		{FE66074B-BFEC-4A38-937C-5EF307B4A26E}.Debug|Any CPU.ActiveCfg = Debug|Any CPU
		{FE66074B-BFEC-4A38-937C-5EF307B4A26E}.Debug|Any CPU.Build.0 = Debug|Any CPU
		{FE66074B-BFEC-4A38-937C-5EF307B4A26E}.Debug|x64.ActiveCfg = Debug|Any CPU
		{FE66074B-BFEC-4A38-937C-5EF307B4A26E}.Debug|x64.Build.0 = Debug|Any CPU
		{FE66074B-BFEC-4A38-937C-5EF307B4A26E}.Debug|x86.ActiveCfg = Debug|Any CPU
		{FE66074B-BFEC-4A38-937C-5EF307B4A26E}.Debug|x86.Build.0 = Debug|Any CPU
		{FE66074B-BFEC-4A38-937C-5EF307B4A26E}.Release|Any CPU.ActiveCfg = Release|Any CPU
		{FE66074B-BFEC-4A38-937C-5EF307B4A26E}.Release|Any CPU.Build.0 = Release|Any CPU
		{FE66074B-BFEC-4A38-937C-5EF307B4A26E}.Release|x64.ActiveCfg = Release|Any CPU
		{FE66074B-BFEC-4A38-937C-5EF307B4A26E}.Release|x64.Build.0 = Release|Any CPU
		{FE66074B-BFEC-4A38-937C-5EF307B4A26E}.Release|x86.ActiveCfg = Release|Any CPU
		{FE66074B-BFEC-4A38-937C-5EF307B4A26E}.Release|x86.Build.0 = Release|Any CPU
	EndGlobalSection
EndGlobal
